
Microsoft Visual Studio Solution File, Format Version 12.00
# Visual Studio Version 17
VisualStudioVersion = 17.5.33627.172
MinimumVisualStudioVersion = 10.0.40219.1
Project("{FAE04EC0-301F-11D3-BF4B-00C04F79EFBC}") = "Text Manager_Home work", "Text Manager_Home work\Text Manager_Home work.csproj", "{E4C5B6D3-BCF9-43E6-B8AA-C79688091533}"
EndProject
Global
	GlobalSection(SolutionConfigurationPlatforms) = preSolution
		Debug|Any CPU = Debug|Any CPU
		Release|Any CPU = Release|Any CPU
	EndGlobalSection
	GlobalSection(ProjectConfigurationPlatforms) = postSolution
		{E4C5B6D3-BCF9-43E6-B8AA-C79688091533}.Debug|Any CPU.ActiveCfg = Debug|Any CPU
		{E4C5B6D3-BCF9-43E6-B8AA-C79688091533}.Debug|Any CPU.Build.0 = Debug|Any CPU
		{E4C5B6D3-BCF9-43E6-B8AA-C79688091533}.Release|Any CPU.ActiveCfg = Release|Any CPU
		{E4C5B6D3-BCF9-43E6-B8AA-C79688091533}.Release|Any CPU.Build.0 = Release|Any CPU
	EndGlobalSection
	GlobalSection(SolutionProperties) = preSolution
		HideSolutionNode = FALSE
	EndGlobalSection
	GlobalSection(ExtensibilityGlobals) = postSolution
		SolutionGuid = {048396EA-84EE-41FF-9E91-E180062939AF}
	EndGlobalSection
EndGlobal
